
Microsoft Visual Studio Solution File, Format Version 12.00
# Visual Studio Version 17
VisualStudioVersion = 17.11.35303.130
MinimumVisualStudioVersion = 10.0.40219.1
Project("{8BC9CEB8-8B4A-11D0-8D11-00A0C91BC942}") = "Server2", "Server2\Server2.vcxproj", "{601D8D3E-5D0A-44A8-BDD2-8DDB74C45CD7}"
EndProject
Project("{8BC9CEB8-8B4A-11D0-8D11-00A0C91BC942}") = "Client1", "ConsoleApplication1\ConsoleApplication1.vcxproj", "{1F98A90A-3F9B-462D-88CF-C36092685A7D}"
EndProject
Global
	GlobalSection(SolutionConfigurationPlatforms) = preSolution
		Debug|x64 = Debug|x64
		Debug|x86 = Debug|x86
		Release|x64 = Release|x64
		Release|x86 = Release|x86
	EndGlobalSection
	GlobalSection(ProjectConfigurationPlatforms) = postSolution
		{601D8D3E-5D0A-44A8-BDD2-8DDB74C45CD7}.Debug|x64.ActiveCfg = Debug|x64
		{601D8D3E-5D0A-44A8-BDD2-8DDB74C45CD7}.Debug|x64.Build.0 = Debug|x64
		{601D8D3E-5D0A-44A8-BDD2-8DDB74C45CD7}.Debug|x86.ActiveCfg = Debug|Win32
		{601D8D3E-5D0A-44A8-BDD2-8DDB74C45CD7}.Debug|x86.Build.0 = Debug|Win32
		{601D8D3E-5D0A-44A8-BDD2-8DDB74C45CD7}.Release|x64.ActiveCfg = Release|x64
		{601D8D3E-5D0A-44A8-BDD2-8DDB74C45CD7}.Release|x64.Build.0 = Release|x64
		{601D8D3E-5D0A-44A8-BDD2-8DDB74C45CD7}.Release|x86.ActiveCfg = Release|Win32
		{601D8D3E-5D0A-44A8-BDD2-8DDB74C45CD7}.Release|x86.Build.0 = Release|Win32
		{1F98A90A-3F9B-462D-88CF-C36092685A7D}.Debug|x64.ActiveCfg = Debug|x64
		{1F98A90A-3F9B-462D-88CF-C36092685A7D}.Debug|x64.Build.0 = Debug|x64
		{1F98A90A-3F9B-462D-88CF-C36092685A7D}.Debug|x86.ActiveCfg = Debug|Win32
		{1F98A90A-3F9B-462D-88CF-C36092685A7D}.Debug|x86.Build.0 = Debug|Win32
		{1F98A90A-3F9B-462D-88CF-C36092685A7D}.Release|x64.ActiveCfg = Release|x64
		{1F98A90A-3F9B-462D-88CF-C36092685A7D}.Release|x64.Build.0 = Release|x64
		{1F98A90A-3F9B-462D-88CF-C36092685A7D}.Release|x86.ActiveCfg = Release|Win32
		{1F98A90A-3F9B-462D-88CF-C36092685A7D}.Release|x86.Build.0 = Release|Win32
	EndGlobalSection
	GlobalSection(SolutionProperties) = preSolution
		HideSolutionNode = FALSE
	EndGlobalSection
	GlobalSection(ExtensibilityGlobals) = postSolution
		SolutionGuid = {ECD7F4D8-1502-4EA3-A3B3-5EE694CBC8FD}
	EndGlobalSection
EndGlobal
